
Microsoft Visual Studio Solution File, Format Version 12.00
# Visual Studio Version 17
VisualStudioVersion = 17.7.34009.444
MinimumVisualStudioVersion = 10.0.40219.1
Project("{FAE04EC0-301F-11D3-BF4B-00C04F79EFBC}") = "Suffolk", "Suffolk\Suffolk.csproj", "{504DF3D0-4601-42AD-AB6B-BDB114BAF8E3}"
EndProject
Project("{FAE04EC0-301F-11D3-BF4B-00C04F79EFBC}") = "Suffolk.Core", "Suffolk.Core\Suffolk.Core.csproj", "{5A35ABB1-052C-456A-9F47-60DC804A8AA4}"
EndProject
Project("{FAE04EC0-301F-11D3-BF4B-00C04F79EFBC}") = "Suffolk.Common", "Suffolk.Common\Suffolk.Common.csproj", "{F7438349-E082-4F2E-8F45-84D3DC4ACB4F}"
EndProject
Global
	GlobalSection(SolutionConfigurationPlatforms) = preSolution
		Debug|Any CPU = Debug|Any CPU
		Release|Any CPU = Release|Any CPU
	EndGlobalSection
	GlobalSection(ProjectConfigurationPlatforms) = postSolution
		{504DF3D0-4601-42AD-AB6B-BDB114BAF8E3}.Debug|Any CPU.ActiveCfg = Debug|Any CPU
		{504DF3D0-4601-42AD-AB6B-BDB114BAF8E3}.Debug|Any CPU.Build.0 = Debug|Any CPU
		{504DF3D0-4601-42AD-AB6B-BDB114BAF8E3}.Release|Any CPU.ActiveCfg = Release|Any CPU
		{504DF3D0-4601-42AD-AB6B-BDB114BAF8E3}.Release|Any CPU.Build.0 = Release|Any CPU
		{5A35ABB1-052C-456A-9F47-60DC804A8AA4}.Debug|Any CPU.ActiveCfg = Debug|Any CPU
		{5A35ABB1-052C-456A-9F47-60DC804A8AA4}.Debug|Any CPU.Build.0 = Debug|Any CPU
		{5A35ABB1-052C-456A-9F47-60DC804A8AA4}.Release|Any CPU.ActiveCfg = Release|Any CPU
		{5A35ABB1-052C-456A-9F47-60DC804A8AA4}.Release|Any CPU.Build.0 = Release|Any CPU
		{F7438349-E082-4F2E-8F45-84D3DC4ACB4F}.Debug|Any CPU.ActiveCfg = Debug|Any CPU
		{F7438349-E082-4F2E-8F45-84D3DC4ACB4F}.Debug|Any CPU.Build.0 = Debug|Any CPU
		{F7438349-E082-4F2E-8F45-84D3DC4ACB4F}.Release|Any CPU.ActiveCfg = Release|Any CPU
		{F7438349-E082-4F2E-8F45-84D3DC4ACB4F}.Release|Any CPU.Build.0 = Release|Any CPU
	EndGlobalSection
	GlobalSection(SolutionProperties) = preSolution
		HideSolutionNode = FALSE
	EndGlobalSection
	GlobalSection(ExtensibilityGlobals) = postSolution
		SolutionGuid = {60BBFD67-B01F-4803-AA99-16314764A703}
	EndGlobalSection
EndGlobal
